// !$*UTF8*$!
{
	archiveVersion = 1;
	classes = {
	};
	objectVersion = 56;
	objects = {

/* Begin PBXBuildFile section */
		84C347252A2B5932008ED0DF /* AppDelegate.swift in Sources */ = {isa = PBXBuildFile; fileRef = 84C347242A2B5932008ED0DF /* AppDelegate.swift */; };
		84C347272A2B5932008ED0DF /* SceneDelegate.swift in Sources */ = {isa = PBXBuildFile; fileRef = 84C347262A2B5932008ED0DF /* SceneDelegate.swift */; };
		84C347292A2B5932008ED0DF /* ViewController.swift in Sources */ = {isa = PBXBuildFile; fileRef = 84C347282A2B5932008ED0DF /* ViewController.swift */; };
		84C3472C2A2B5932008ED0DF /* Main.storyboard in Resources */ = {isa = PBXBuildFile; fileRef = 84C3472A2A2B5932008ED0DF /* Main.storyboard */; };
		84C3472E2A2B5933008ED0DF /* Assets.xcassets in Resources */ = {isa = PBXBuildFile; fileRef = 84C3472D2A2B5933008ED0DF /* Assets.xcassets */; };
		84C347312A2B5933008ED0DF /* LaunchScreen.storyboard in Resources */ = {isa = PBXBuildFile; fileRef = 84C3472F2A2B5933008ED0DF /* LaunchScreen.storyboard */; };
		84C347392A2B5DE1008ED0DF /* PackCell.swift in Sources */ = {isa = PBXBuildFile; fileRef = 84C347382A2B5DE1008ED0DF /* PackCell.swift */; };
		84C3473B2A2B675D008ED0DF /* UIColor+Extensions.swift in Sources */ = {isa = PBXBuildFile; fileRef = 84C3473A2A2B675D008ED0DF /* UIColor+Extensions.swift */; };
		84C3473D2A2BADD7008ED0DF /* PresetControl.swift in Sources */ = {isa = PBXBuildFile; fileRef = 84C3473C2A2BADD7008ED0DF /* PresetControl.swift */; };
/* End PBXBuildFile section */

/* Begin PBXFileReference section */
		84C347212A2B5932008ED0DF /* CollectionViewCellsCustomInsertion.app */ = {isa = PBXFileReference; explicitFileType = wrapper.application; includeInIndex = 0; path = CollectionViewCellsCustomInsertion.app; sourceTree = BUILT_PRODUCTS_DIR; };
		84C347242A2B5932008ED0DF /* AppDelegate.swift */ = {isa = PBXFileReference; lastKnownFileType = sourcecode.swift; path = AppDelegate.swift; sourceTree = "<group>"; };
		84C347262A2B5932008ED0DF /* SceneDelegate.swift */ = {isa = PBXFileReference; lastKnownFileType = sourcecode.swift; path = SceneDelegate.swift; sourceTree = "<group>"; };
		84C347282A2B5932008ED0DF /* ViewController.swift */ = {isa = PBXFileReference; lastKnownFileType = sourcecode.swift; path = ViewController.swift; sourceTree = "<group>"; };
		84C3472B2A2B5932008ED0DF /* Base */ = {isa = PBXFileReference; lastKnownFileType = file.storyboard; name = Base; path = Base.lproj/Main.storyboard; sourceTree = "<group>"; };
		84C3472D2A2B5933008ED0DF /* Assets.xcassets */ = {isa = PBXFileReference; lastKnownFileType = folder.assetcatalog; path = Assets.xcassets; sourceTree = "<group>"; };
		84C347302A2B5933008ED0DF /* Base */ = {isa = PBXFileReference; lastKnownFileType = file.storyboard; name = Base; path = Base.lproj/LaunchScreen.storyboard; sourceTree = "<group>"; };
		84C347322A2B5933008ED0DF /* Info.plist */ = {isa = PBXFileReference; lastKnownFileType = text.plist.xml; path = Info.plist; sourceTree = "<group>"; };
		84C347382A2B5DE1008ED0DF /* PackCell.swift */ = {isa = PBXFileReference; lastKnownFileType = sourcecode.swift; path = PackCell.swift; sourceTree = "<group>"; };
		84C3473A2A2B675D008ED0DF /* UIColor+Extensions.swift */ = {isa = PBXFileReference; lastKnownFileType = sourcecode.swift; path = "UIColor+Extensions.swift"; sourceTree = "<group>"; };
		84C3473C2A2BADD7008ED0DF /* PresetControl.swift */ = {isa = PBXFileReference; lastKnownFileType = sourcecode.swift; path = PresetControl.swift; sourceTree = "<group>"; };
/* End PBXFileReference section */

/* Begin PBXFrameworksBuildPhase section */
		84C3471E2A2B5932008ED0DF /* Frameworks */ = {
			isa = PBXFrameworksBuildPhase;
			buildActionMask = 2147483647;
			files = (
			);
			runOnlyForDeploymentPostprocessing = 0;
		};
/* End PBXFrameworksBuildPhase section */

/* Begin PBXGroup section */
		84C347182A2B5932008ED0DF = {
			isa = PBXGroup;
			children = (
				84C347232A2B5932008ED0DF /* CollectionViewCellsCustomInsertion */,
				84C347222A2B5932008ED0DF /* Products */,
			);
			sourceTree = "<group>";
		};
		84C347222A2B5932008ED0DF /* Products */ = {
			isa = PBXGroup;
			children = (
				84C347212A2B5932008ED0DF /* CollectionViewCellsCustomInsertion.app */,
			);
			name = Products;
			sourceTree = "<group>";
		};
		84C347232A2B5932008ED0DF /* CollectionViewCellsCustomInsertion */ = {
			isa = PBXGroup;
			children = (
				84C347242A2B5932008ED0DF /* AppDelegate.swift */,
				84C347262A2B5932008ED0DF /* SceneDelegate.swift */,
				84C3473A2A2B675D008ED0DF /* UIColor+Extensions.swift */,
				84C347382A2B5DE1008ED0DF /* PackCell.swift */,
				84C3473C2A2BADD7008ED0DF /* PresetControl.swift */,
				84C347282A2B5932008ED0DF /* ViewController.swift */,
				84C3472A2A2B5932008ED0DF /* Main.storyboard */,
				84C3472D2A2B5933008ED0DF /* Assets.xcassets */,
				84C3472F2A2B5933008ED0DF /* LaunchScreen.storyboard */,
				84C347322A2B5933008ED0DF /* Info.plist */,
			);
			path = CollectionViewCellsCustomInsertion;
			sourceTree = "<group>";
		};
/* End PBXGroup section */

/* Begin PBXNativeTarget section */
		84C347202A2B5932008ED0DF /* CollectionViewCellsCustomInsertion */ = {
			isa = PBXNativeTarget;
			buildConfigurationList = 84C347352A2B5933008ED0DF /* Build configuration list for PBXNativeTarget "CollectionViewCellsCustomInsertion" */;
			buildPhases = (
				84C3471D2A2B5932008ED0DF /* Sources */,
				84C3471E2A2B5932008ED0DF /* Frameworks */,
				84C3471F2A2B5932008ED0DF /* Resources */,
			);
			buildRules = (
			);
			dependencies = (
			);
			name = CollectionViewCellsCustomInsertion;
			productName = CollectionViewCellsCustomInsertion;
			productReference = 84C347212A2B5932008ED0DF /* CollectionViewCellsCustomInsertion.app */;
			productType = "com.apple.product-type.application";
		};
/* End PBXNativeTarget section */

/* Begin PBXProject section */
		84C347192A2B5932008ED0DF /* Project object */ = {
			isa = PBXProject;
			attributes = {
				BuildIndependentTargetsInParallel = 1;
				LastSwiftUpdateCheck = 1430;
				LastUpgradeCheck = 1430;
				TargetAttributes = {
					84C347202A2B5932008ED0DF = {
						CreatedOnToolsVersion = 14.3;
					};
				};
			};
			buildConfigurationList = 84C3471C2A2B5932008ED0DF /* Build configuration list for PBXProject "CollectionViewCellsCustomInsertion" */;
			compatibilityVersion = "Xcode 14.0";
			developmentRegion = en;
			hasScannedForEncodings = 0;
			knownRegions = (
				en,
				Base,
			);
			mainGroup = 84C347182A2B5932008ED0DF;
			productRefGroup = 84C347222A2B5932008ED0DF /* Products */;
			projectDirPath = "";
			projectRoot = "";
			targets = (
				84C347202A2B5932008ED0DF /* CollectionViewCellsCustomInsertion */,
			);
		};
/* End PBXProject section */

/* Begin PBXResourcesBuildPhase section */
		84C3471F2A2B5932008ED0DF /* Resources */ = {
			isa = PBXResourcesBuildPhase;
			buildActionMask = 2147483647;
			files = (
				84C347312A2B5933008ED0DF /* LaunchScreen.storyboard in Resources */,
				84C3472E2A2B5933008ED0DF /* Assets.xcassets in Resources */,
				84C3472C2A2B5932008ED0DF /* Main.storyboard in Resources */,
			);
			runOnlyForDeploymentPostprocessing = 0;
		};
/* End PBXResourcesBuildPhase section */

/* Begin PBXSourcesBuildPhase section */
		84C3471D2A2B5932008ED0DF /* Sources */ = {
			isa = PBXSourcesBuildPhase;
			buildActionMask = 2147483647;
			files = (
				84C347292A2B5932008ED0DF /* ViewController.swift in Sources */,
				84C3473B2A2B675D008ED0DF /* UIColor+Extensions.swift in Sources */,
				84C347392A2B5DE1008ED0DF /* PackCell.swift in Sources */,
				84C347252A2B5932008ED0DF /* AppDelegate.swift in Sources */,
				84C3473D2A2BADD7008ED0DF /* PresetControl.swift in Sources */,
				84C347272A2B5932008ED0DF /* SceneDelegate.swift in Sources */,
			);
			runOnlyForDeploymentPostprocessing = 0;
		};
/* End PBXSourcesBuildPhase section */

/* Begin PBXVariantGroup section */
		84C3472A2A2B5932008ED0DF /* Main.storyboard */ = {
			isa = PBXVariantGroup;
			children = (
				84C3472B2A2B5932008ED0DF /* Base */,
			);
			name = Main.storyboard;
			sourceTree = "<group>";
		};
		84C3472F2A2B5933008ED0DF /* LaunchScreen.storyboard */ = {
			isa = PBXVariantGroup;
			children = (
				84C347302A2B5933008ED0DF /* Base */,
			);
			name = LaunchScreen.storyboard;
			sourceTree = "<group>";
		};
/* End PBXVariantGroup section */

/* Begin XCBuildConfiguration section */
		84C347332A2B5933008ED0DF /* Debug */ = {
			isa = XCBuildConfiguration;
			buildSettings = {
				ALWAYS_SEARCH_USER_PATHS = NO;
				CLANG_ANALYZER_NONNULL = YES;
				CLANG_ANALYZER_NUMBER_OBJECT_CONVERSION = YES_AGGRESSIVE;
				CLANG_CXX_LANGUAGE_STANDARD = "gnu++20";
				CLANG_ENABLE_MODULES = YES;
				CLANG_ENABLE_OBJC_ARC = YES;
				CLANG_ENABLE_OBJC_WEAK = YES;
				CLANG_WARN_BLOCK_CAPTURE_AUTORELEASING = YES;
				CLANG_WARN_BOOL_CONVERSION = YES;
				CLANG_WARN_COMMA = YES;
				CLANG_WARN_CONSTANT_CONVERSION = YES;
				CLANG_WARN_DEPRECATED_OBJC_IMPLEMENTATIONS = YES;
				CLANG_WARN_DIRECT_OBJC_ISA_USAGE = YES_ERROR;
				CLANG_WARN_DOCUMENTATION_COMMENTS = YES;
				CLANG_WARN_EMPTY_BODY = YES;
				CLANG_WARN_ENUM_CONVERSION = YES;
				CLANG_WARN_INFINITE_RECURSION = YES;
				CLANG_WARN_INT_CONVERSION = YES;
				CLANG_WARN_NON_LITERAL_NULL_CONVERSION = YES;
				CLANG_WARN_OBJC_IMPLICIT_RETAIN_SELF = YES;
				CLANG_WARN_OBJC_LITERAL_CONVERSION = YES;
				CLANG_WARN_OBJC_ROOT_CLASS = YES_ERROR;
				CLANG_WARN_QUOTED_INCLUDE_IN_FRAMEWORK_HEADER = YES;
				CLANG_WARN_RANGE_LOOP_ANALYSIS = YES;
				CLANG_WARN_STRICT_PROTOTYPES = YES;
				CLANG_WARN_SUSPICIOUS_MOVE = YES;
				CLANG_WARN_UNGUARDED_AVAILABILITY = YES_AGGRESSIVE;
				CLANG_WARN_UNREACHABLE_CODE = YES;
				CLANG_WARN__DUPLICATE_METHOD_MATCH = YES;
				COPY_PHASE_STRIP = NO;
				DEBUG_INFORMATION_FORMAT = dwarf;
				ENABLE_STRICT_OBJC_MSGSEND = YES;
				ENABLE_TESTABILITY = YES;
				GCC_C_LANGUAGE_STANDARD = gnu11;
				GCC_DYNAMIC_NO_PIC = NO;
				GCC_NO_COMMON_BLOCKS = YES;
				GCC_OPTIMIZATION_LEVEL = 0;
				GCC_PREPROCESSOR_DEFINITIONS = (
					"DEBUG=1",
					"$(inherited)",
				);
				GCC_WARN_64_TO_32_BIT_CONVERSION = YES;
				GCC_WARN_ABOUT_RETURN_TYPE = YES_ERROR;
				GCC_WARN_UNDECLARED_SELECTOR = YES;
				GCC_WARN_UNINITIALIZED_AUTOS = YES_AGGRESSIVE;
				GCC_WARN_UNUSED_FUNCTION = YES;
				GCC_WARN_UNUSED_VARIABLE = YES;
				IPHONEOS_DEPLOYMENT_TARGET = 16.4;
				MTL_ENABLE_DEBUG_INFO = INCLUDE_SOURCE;
				MTL_FAST_MATH = YES;
				ONLY_ACTIVE_ARCH = YES;
				SDKROOT = iphoneos;
				SWIFT_ACTIVE_COMPILATION_CONDITIONS = DEBUG;
				SWIFT_OPTIMIZATION_LEVEL = "-Onone";
			};
			name = Debug;
		};
		84C347342A2B5933008ED0DF /* Release */ = {
			isa = XCBuildConfiguration;
			buildSettings = {
				ALWAYS_SEARCH_USER_PATHS = NO;
				CLANG_ANALYZER_NONNULL = YES;
				CLANG_ANALYZER_NUMBER_OBJECT_CONVERSION = YES_AGGRESSIVE;
				CLANG_CXX_LANGUAGE_STANDARD = "gnu++20";
				CLANG_ENABLE_MODULES = YES;
				CLANG_ENABLE_OBJC_ARC = YES;
				CLANG_ENABLE_OBJC_WEAK = YES;
				CLANG_WARN_BLOCK_CAPTURE_AUTORELEASING = YES;
				CLANG_WARN_BOOL_CONVERSION = YES;
				CLANG_WARN_COMMA = YES;
				CLANG_WARN_CONSTANT_CONVERSION = YES;
				CLANG_WARN_DEPRECATED_OBJC_IMPLEMENTATIONS = YES;
				CLANG_WARN_DIRECT_OBJC_ISA_USAGE = YES_ERROR;
				CLANG_WARN_DOCUMENTATION_COMMENTS = YES;
				CLANG_WARN_EMPTY_BODY = YES;
				CLANG_WARN_ENUM_CONVERSION = YES;
				CLANG_WARN_INFINITE_RECURSION = YES;
				CLANG_WARN_INT_CONVERSION = YES;
				CLANG_WARN_NON_LITERAL_NULL_CONVERSION = YES;
				CLANG_WARN_OBJC_IMPLICIT_RETAIN_SELF = YES;
				CLANG_WARN_OBJC_LITERAL_CONVERSION = YES;
				CLANG_WARN_OBJC_ROOT_CLASS = YES_ERROR;
				CLANG_WARN_QUOTED_INCLUDE_IN_FRAMEWORK_HEADER = YES;
				CLANG_WARN_RANGE_LOOP_ANALYSIS = YES;
				CLANG_WARN_STRICT_PROTOTYPES = YES;
				CLANG_WARN_SUSPICIOUS_MOVE = YES;
				CLANG_WARN_UNGUARDED_AVAILABILITY = YES_AGGRESSIVE;
				CLANG_WARN_UNREACHABLE_CODE = YES;
				CLANG_WARN__DUPLICATE_METHOD_MATCH = YES;
				COPY_PHASE_STRIP = NO;
				DEBUG_INFORMATION_FORMAT = "dwarf-with-dsym";
				ENABLE_NS_ASSERTIONS = NO;
				ENABLE_STRICT_OBJC_MSGSEND = YES;
				GCC_C_LANGUAGE_STANDARD = gnu11;
				GCC_NO_COMMON_BLOCKS = YES;
				GCC_WARN_64_TO_32_BIT_CONVERSION = YES;
				GCC_WARN_ABOUT_RETURN_TYPE = YES_ERROR;
				GCC_WARN_UNDECLARED_SELECTOR = YES;
				GCC_WARN_UNINITIALIZED_AUTOS = YES_AGGRESSIVE;
				GCC_WARN_UNUSED_FUNCTION = YES;
				GCC_WARN_UNUSED_VARIABLE = YES;
				IPHONEOS_DEPLOYMENT_TARGET = 16.4;
				MTL_ENABLE_DEBUG_INFO = NO;
				MTL_FAST_MATH = YES;
				SDKROOT = iphoneos;
				SWIFT_COMPILATION_MODE = wholemodule;
				SWIFT_OPTIMIZATION_LEVEL = "-O";
				VALIDATE_PRODUCT = YES;
			};
			name = Release;
		};
		84C347362A2B5933008ED0DF /* Debug */ = {
			isa = XCBuildConfiguration;
			buildSettings = {
				ASSETCATALOG_COMPILER_APPICON_NAME = AppIcon;
				ASSETCATALOG_COMPILER_GLOBAL_ACCENT_COLOR_NAME = AccentColor;
				CODE_SIGN_STYLE = Automatic;
				CURRENT_PROJECT_VERSION = 1;
				DEVELOPMENT_TEAM = YK2X3DL675;
				GENERATE_INFOPLIST_FILE = YES;
				INFOPLIST_FILE = CollectionViewCellsCustomInsertion/Info.plist;
				INFOPLIST_KEY_UIApplicationSupportsIndirectInputEvents = YES;
				INFOPLIST_KEY_UILaunchStoryboardName = LaunchScreen;
				INFOPLIST_KEY_UIMainStoryboardFile = Main;
				INFOPLIST_KEY_UISupportedInterfaceOrientations_iPad = "UIInterfaceOrientationPortrait UIInterfaceOrientationPortraitUpsideDown UIInterfaceOrientationLandscapeLeft UIInterfaceOrientationLandscapeRight";
				INFOPLIST_KEY_UISupportedInterfaceOrientations_iPhone = "UIInterfaceOrientationPortrait UIInterfaceOrientationLandscapeLeft UIInterfaceOrientationLandscapeRight";
				LD_RUNPATH_SEARCH_PATHS = (
					"$(inherited)",
					"@executable_path/Frameworks",
				);
				MARKETING_VERSION = 1.0;
				PRODUCT_BUNDLE_IDENTIFIER = com.biahletski.notes.text.editor.CollectonViewCellsCustomInsertion;
				PRODUCT_NAME = "$(TARGET_NAME)";
				SWIFT_EMIT_LOC_STRINGS = YES;
				SWIFT_VERSION = 5.0;
				TARGETED_DEVICE_FAMILY = "1,2";
			};
			name = Debug;
		};
		84C347372A2B5933008ED0DF /* Release */ = {
			isa = XCBuildConfiguration;
			buildSettings = {
				ASSETCATALOG_COMPILER_APPICON_NAME = AppIcon;
				ASSETCATALOG_COMPILER_GLOBAL_ACCENT_COLOR_NAME = AccentColor;
				CODE_SIGN_STYLE = Automatic;
				CURRENT_PROJECT_VERSION = 1;
				DEVELOPMENT_TEAM = YK2X3DL675;
				GENERATE_INFOPLIST_FILE = YES;
				INFOPLIST_FILE = CollectionViewCellsCustomInsertion/Info.plist;
				INFOPLIST_KEY_UIApplicationSupportsIndirectInputEvents = YES;
				INFOPLIST_KEY_UILaunchStoryboardName = LaunchScreen;
				INFOPLIST_KEY_UIMainStoryboardFile = Main;
				INFOPLIST_KEY_UISupportedInterfaceOrientations_iPad = "UIInterfaceOrientationPortrait UIInterfaceOrientationPortraitUpsideDown UIInterfaceOrientationLandscapeLeft UIInterfaceOrientationLandscapeRight";
				INFOPLIST_KEY_UISupportedInterfaceOrientations_iPhone = "UIInterfaceOrientationPortrait UIInterfaceOrientationLandscapeLeft UIInterfaceOrientationLandscapeRight";
				LD_RUNPATH_SEARCH_PATHS = (
					"$(inherited)",
					"@executable_path/Frameworks",
				);
				MARKETING_VERSION = 1.0;
				PRODUCT_BUNDLE_IDENTIFIER = com.biahletski.notes.text.editor.CollectonViewCellsCustomInsertion;
				PRODUCT_NAME = "$(TARGET_NAME)";
				SWIFT_EMIT_LOC_STRINGS = YES;
				SWIFT_VERSION = 5.0;
				TARGETED_DEVICE_FAMILY = "1,2";
			};
			name = Release;
		};
/* End XCBuildConfiguration section */

/* Begin XCConfigurationList section */
		84C3471C2A2B5932008ED0DF /* Build configuration list for PBXProject "CollectionViewCellsCustomInsertion" */ = {
			isa = XCConfigurationList;
			buildConfigurations = (
				84C347332A2B5933008ED0DF /* Debug */,
				84C347342A2B5933008ED0DF /* Release */,
			);
			defaultConfigurationIsVisible = 0;
			defaultConfigurationName = Release;
		};
		84C347352A2B5933008ED0DF /* Build configuration list for PBXNativeTarget "CollectionViewCellsCustomInsertion" */ = {
			isa = XCConfigurationList;
			buildConfigurations = (
				84C347362A2B5933008ED0DF /* Debug */,
				84C347372A2B5933008ED0DF /* Release */,
			);
			defaultConfigurationIsVisible = 0;
			defaultConfigurationName = Release;
		};
/* End XCConfigurationList section */
	};
	rootObject = 84C347192A2B5932008ED0DF /* Project object */;
}
